# This file is automatically @generated by Cargo.
# It is not intended for manual editing.
version = 3

[[package]]
name = "day4"
version = "0.1.0"
dependencies = [
 "reduce",
]

[[package]]
name = "reduce"
version = "0.1.5+deprecated"
source = "registry+https://github.com/rust-lang/crates.io-index"
checksum = "feff7c275fbc4a96ccdc240a5a180487a61a31baffaff6cdd4fb2c8e9e0a2ecd"
